
Microsoft Visual Studio Solution File, Format Version 12.00
# Visual Studio 2012
Project("{FAE04EC0-301F-11D3-BF4B-00C04F79EFBC}") = "Transparencia.Brasil.SDK", "Transparencia.Brasil.SDK\Transparencia.Brasil.SDK.csproj", "{B0EBEAE1-7B8C-4383-92B7-DE0A0F36C9F0}"
EndProject
Project("{FAE04EC0-301F-11D3-BF4B-00C04F79EFBC}") = "Transparencia.Brasil.SDK.Tests", "Transparencia.Brasil.SDK.Tests\Transparencia.Brasil.SDK.Tests.csproj", "{00DE2333-FEFF-4CBA-89D7-BD3A0DC39757}"
EndProject
Global
	GlobalSection(SolutionConfigurationPlatforms) = preSolution
		Debug|Any CPU = Debug|Any CPU
		Release|Any CPU = Release|Any CPU
	EndGlobalSection
	GlobalSection(ProjectConfigurationPlatforms) = postSolution
		{B0EBEAE1-7B8C-4383-92B7-DE0A0F36C9F0}.Debug|Any CPU.ActiveCfg = Debug|Any CPU
		{B0EBEAE1-7B8C-4383-92B7-DE0A0F36C9F0}.Debug|Any CPU.Build.0 = Debug|Any CPU
		{B0EBEAE1-7B8C-4383-92B7-DE0A0F36C9F0}.Release|Any CPU.ActiveCfg = Release|Any CPU
		{B0EBEAE1-7B8C-4383-92B7-DE0A0F36C9F0}.Release|Any CPU.Build.0 = Release|Any CPU
		{00DE2333-FEFF-4CBA-89D7-BD3A0DC39757}.Debug|Any CPU.ActiveCfg = Debug|Any CPU
		{00DE2333-FEFF-4CBA-89D7-BD3A0DC39757}.Debug|Any CPU.Build.0 = Debug|Any CPU
		{00DE2333-FEFF-4CBA-89D7-BD3A0DC39757}.Release|Any CPU.ActiveCfg = Release|Any CPU
		{00DE2333-FEFF-4CBA-89D7-BD3A0DC39757}.Release|Any CPU.Build.0 = Release|Any CPU
	EndGlobalSection
	GlobalSection(SolutionProperties) = preSolution
		HideSolutionNode = FALSE
	EndGlobalSection
EndGlobal
